// !$*UTF8*$!
{
	archiveVersion = 1;
	classes = {
	};
	objectVersion = 48;
	objects = {

/* Begin PBXBuildFile section */
		C1CCD8FE1F810AC800FBA469 /* main.m in Sources */ = {isa = PBXBuildFile; fileRef = C1CCD8FD1F810AC800FBA469 /* main.m */; };
		C1CCD9061F810AE500FBA469 /* Builder.m in Sources */ = {isa = PBXBuildFile; fileRef = C1CCD9051F810AE500FBA469 /* Builder.m */; };
		C1CCD9091F810B8400FBA469 /* Director.m in Sources */ = {isa = PBXBuildFile; fileRef = C1CCD9081F810B8400FBA469 /* Director.m */; };
		C1CCD90C1F811CFE00FBA469 /* TextBuilder.m in Sources */ = {isa = PBXBuildFile; fileRef = C1CCD90B1F811CFE00FBA469 /* TextBuilder.m */; };
		C1CCD90F1F811E8100FBA469 /* HTMLBuilder.m in Sources */ = {isa = PBXBuildFile; fileRef = C1CCD90E1F811E8100FBA469 /* HTMLBuilder.m */; };
/* End PBXBuildFile section */

/* Begin PBXCopyFilesBuildPhase section */
		C1CCD8F81F810AC800FBA469 /* CopyFiles */ = {
			isa = PBXCopyFilesBuildPhase;
			buildActionMask = 2147483647;
			dstPath = /usr/share/man/man1/;
			dstSubfolderSpec = 0;
			files = (
			);
			runOnlyForDeploymentPostprocessing = 1;
		};
/* End PBXCopyFilesBuildPhase section */

/* Begin PBXFileReference section */
		C1CCD8FA1F810AC800FBA469 /* DesignPattern_7_Builder */ = {isa = PBXFileReference; explicitFileType = "compiled.mach-o.executable"; includeInIndex = 0; path = DesignPattern_7_Builder; sourceTree = BUILT_PRODUCTS_DIR; };
		C1CCD8FD1F810AC800FBA469 /* main.m */ = {isa = PBXFileReference; lastKnownFileType = sourcecode.c.objc; path = main.m; sourceTree = "<group>"; };
		C1CCD9041F810AE500FBA469 /* Builder.h */ = {isa = PBXFileReference; lastKnownFileType = sourcecode.c.h; path = Builder.h; sourceTree = "<group>"; };
		C1CCD9051F810AE500FBA469 /* Builder.m */ = {isa = PBXFileReference; lastKnownFileType = sourcecode.c.objc; path = Builder.m; sourceTree = "<group>"; };
		C1CCD9071F810B8400FBA469 /* Director.h */ = {isa = PBXFileReference; lastKnownFileType = sourcecode.c.h; path = Director.h; sourceTree = "<group>"; };
		C1CCD9081F810B8400FBA469 /* Director.m */ = {isa = PBXFileReference; lastKnownFileType = sourcecode.c.objc; path = Director.m; sourceTree = "<group>"; };
		C1CCD90A1F811CFE00FBA469 /* TextBuilder.h */ = {isa = PBXFileReference; lastKnownFileType = sourcecode.c.h; path = TextBuilder.h; sourceTree = "<group>"; };
		C1CCD90B1F811CFE00FBA469 /* TextBuilder.m */ = {isa = PBXFileReference; lastKnownFileType = sourcecode.c.objc; path = TextBuilder.m; sourceTree = "<group>"; };
		C1CCD90D1F811E8100FBA469 /* HTMLBuilder.h */ = {isa = PBXFileReference; lastKnownFileType = sourcecode.c.h; path = HTMLBuilder.h; sourceTree = "<group>"; };
		C1CCD90E1F811E8100FBA469 /* HTMLBuilder.m */ = {isa = PBXFileReference; lastKnownFileType = sourcecode.c.objc; path = HTMLBuilder.m; sourceTree = "<group>"; };
/* End PBXFileReference section */

/* Begin PBXFrameworksBuildPhase section */
		C1CCD8F71F810AC800FBA469 /* Frameworks */ = {
			isa = PBXFrameworksBuildPhase;
			buildActionMask = 2147483647;
			files = (
			);
			runOnlyForDeploymentPostprocessing = 0;
		};
/* End PBXFrameworksBuildPhase section */

/* Begin PBXGroup section */
		C1CCD8F11F810AC800FBA469 = {
			isa = PBXGroup;
			children = (
				C1CCD8FC1F810AC800FBA469 /* DesignPattern_7_Builder */,
				C1CCD8FB1F810AC800FBA469 /* Products */,
			);
			sourceTree = "<group>";
		};
		C1CCD8FB1F810AC800FBA469 /* Products */ = {
			isa = PBXGroup;
			children = (
				C1CCD8FA1F810AC800FBA469 /* DesignPattern_7_Builder */,
			);
			name = Products;
			sourceTree = "<group>";
		};
		C1CCD8FC1F810AC800FBA469 /* DesignPattern_7_Builder */ = {
			isa = PBXGroup;
			children = (
				C1CCD8FD1F810AC800FBA469 /* main.m */,
				C1CCD9041F810AE500FBA469 /* Builder.h */,
				C1CCD9051F810AE500FBA469 /* Builder.m */,
				C1CCD9071F810B8400FBA469 /* Director.h */,
				C1CCD9081F810B8400FBA469 /* Director.m */,
				C1CCD90A1F811CFE00FBA469 /* TextBuilder.h */,
				C1CCD90B1F811CFE00FBA469 /* TextBuilder.m */,
				C1CCD90D1F811E8100FBA469 /* HTMLBuilder.h */,
				C1CCD90E1F811E8100FBA469 /* HTMLBuilder.m */,
			);
			path = DesignPattern_7_Builder;
			sourceTree = "<group>";
		};
/* End PBXGroup section */

/* Begin PBXNativeTarget section */
		C1CCD8F91F810AC800FBA469 /* DesignPattern_7_Builder */ = {
			isa = PBXNativeTarget;
			buildConfigurationList = C1CCD9011F810AC800FBA469 /* Build configuration list for PBXNativeTarget "DesignPattern_7_Builder" */;
			buildPhases = (
				C1CCD8F61F810AC800FBA469 /* Sources */,
				C1CCD8F71F810AC800FBA469 /* Frameworks */,
				C1CCD8F81F810AC800FBA469 /* CopyFiles */,
			);
			buildRules = (
			);
			dependencies = (
			);
			name = DesignPattern_7_Builder;
			productName = DesignPattern_7_Builder;
			productReference = C1CCD8FA1F810AC800FBA469 /* DesignPattern_7_Builder */;
			productType = "com.apple.product-type.tool";
		};
/* End PBXNativeTarget section */

/* Begin PBXProject section */
		C1CCD8F21F810AC800FBA469 /* Project object */ = {
			isa = PBXProject;
			attributes = {
				LastUpgradeCheck = 0900;
				ORGANIZATIONNAME = famous90;
				TargetAttributes = {
					C1CCD8F91F810AC800FBA469 = {
						CreatedOnToolsVersion = 9.0;
						ProvisioningStyle = Automatic;
					};
				};
			};
			buildConfigurationList = C1CCD8F51F810AC800FBA469 /* Build configuration list for PBXProject "DesignPattern_7_Builder" */;
			compatibilityVersion = "Xcode 8.0";
			developmentRegion = en;
			hasScannedForEncodings = 0;
			knownRegions = (
				en,
			);
			mainGroup = C1CCD8F11F810AC800FBA469;
			productRefGroup = C1CCD8FB1F810AC800FBA469 /* Products */;
			projectDirPath = "";
			projectRoot = "";
			targets = (
				C1CCD8F91F810AC800FBA469 /* DesignPattern_7_Builder */,
			);
		};
/* End PBXProject section */

/* Begin PBXSourcesBuildPhase section */
		C1CCD8F61F810AC800FBA469 /* Sources */ = {
			isa = PBXSourcesBuildPhase;
			buildActionMask = 2147483647;
			files = (
				C1CCD90C1F811CFE00FBA469 /* TextBuilder.m in Sources */,
				C1CCD8FE1F810AC800FBA469 /* main.m in Sources */,
				C1CCD90F1F811E8100FBA469 /* HTMLBuilder.m in Sources */,
				C1CCD9091F810B8400FBA469 /* Director.m in Sources */,
				C1CCD9061F810AE500FBA469 /* Builder.m in Sources */,
			);
			runOnlyForDeploymentPostprocessing = 0;
		};
/* End PBXSourcesBuildPhase section */

/* Begin XCBuildConfiguration section */
		C1CCD8FF1F810AC800FBA469 /* Debug */ = {
			isa = XCBuildConfiguration;
			buildSettings = {
				ALWAYS_SEARCH_USER_PATHS = NO;
				CLANG_ANALYZER_NONNULL = YES;
				CLANG_ANALYZER_NUMBER_OBJECT_CONVERSION = YES_AGGRESSIVE;
				CLANG_CXX_LANGUAGE_STANDARD = "gnu++14";
				CLANG_CXX_LIBRARY = "libc++";
				CLANG_ENABLE_MODULES = YES;
				CLANG_ENABLE_OBJC_ARC = YES;
				CLANG_WARN_BLOCK_CAPTURE_AUTORELEASING = YES;
				CLANG_WARN_BOOL_CONVERSION = YES;
				CLANG_WARN_COMMA = YES;
				CLANG_WARN_CONSTANT_CONVERSION = YES;
				CLANG_WARN_DIRECT_OBJC_ISA_USAGE = YES_ERROR;
				CLANG_WARN_DOCUMENTATION_COMMENTS = YES;
				CLANG_WARN_EMPTY_BODY = YES;
				CLANG_WARN_ENUM_CONVERSION = YES;
				CLANG_WARN_INFINITE_RECURSION = YES;
				CLANG_WARN_INT_CONVERSION = YES;
				CLANG_WARN_NON_LITERAL_NULL_CONVERSION = YES;
				CLANG_WARN_OBJC_LITERAL_CONVERSION = YES;
				CLANG_WARN_OBJC_ROOT_CLASS = YES_ERROR;
				CLANG_WARN_RANGE_LOOP_ANALYSIS = YES;
				CLANG_WARN_STRICT_PROTOTYPES = YES;
				CLANG_WARN_SUSPICIOUS_MOVE = YES;
				CLANG_WARN_UNGUARDED_AVAILABILITY = YES_AGGRESSIVE;
				CLANG_WARN_UNREACHABLE_CODE = YES;
				CLANG_WARN__DUPLICATE_METHOD_MATCH = YES;
				CODE_SIGN_IDENTITY = "-";
				COPY_PHASE_STRIP = NO;
				DEBUG_INFORMATION_FORMAT = dwarf;
				ENABLE_STRICT_OBJC_MSGSEND = YES;
				ENABLE_TESTABILITY = YES;
				GCC_C_LANGUAGE_STANDARD = gnu11;
				GCC_DYNAMIC_NO_PIC = NO;
				GCC_NO_COMMON_BLOCKS = YES;
				GCC_OPTIMIZATION_LEVEL = 0;
				GCC_PREPROCESSOR_DEFINITIONS = (
					"DEBUG=1",
					"$(inherited)",
				);
				GCC_WARN_64_TO_32_BIT_CONVERSION = YES;
				GCC_WARN_ABOUT_RETURN_TYPE = YES_ERROR;
				GCC_WARN_UNDECLARED_SELECTOR = YES;
				GCC_WARN_UNINITIALIZED_AUTOS = YES_AGGRESSIVE;
				GCC_WARN_UNUSED_FUNCTION = YES;
				GCC_WARN_UNUSED_VARIABLE = YES;
				MACOSX_DEPLOYMENT_TARGET = 10.12;
				MTL_ENABLE_DEBUG_INFO = YES;
				ONLY_ACTIVE_ARCH = YES;
				SDKROOT = macosx;
			};
			name = Debug;
		};
		C1CCD9001F810AC800FBA469 /* Release */ = {
			isa = XCBuildConfiguration;
			buildSettings = {
				ALWAYS_SEARCH_USER_PATHS = NO;
				CLANG_ANALYZER_NONNULL = YES;
				CLANG_ANALYZER_NUMBER_OBJECT_CONVERSION = YES_AGGRESSIVE;
				CLANG_CXX_LANGUAGE_STANDARD = "gnu++14";
				CLANG_CXX_LIBRARY = "libc++";
				CLANG_ENABLE_MODULES = YES;
				CLANG_ENABLE_OBJC_ARC = YES;
				CLANG_WARN_BLOCK_CAPTURE_AUTORELEASING = YES;
				CLANG_WARN_BOOL_CONVERSION = YES;
				CLANG_WARN_COMMA = YES;
				CLANG_WARN_CONSTANT_CONVERSION = YES;
				CLANG_WARN_DIRECT_OBJC_ISA_USAGE = YES_ERROR;
				CLANG_WARN_DOCUMENTATION_COMMENTS = YES;
				CLANG_WARN_EMPTY_BODY = YES;
				CLANG_WARN_ENUM_CONVERSION = YES;
				CLANG_WARN_INFINITE_RECURSION = YES;
				CLANG_WARN_INT_CONVERSION = YES;
				CLANG_WARN_NON_LITERAL_NULL_CONVERSION = YES;
				CLANG_WARN_OBJC_LITERAL_CONVERSION = YES;
				CLANG_WARN_OBJC_ROOT_CLASS = YES_ERROR;
				CLANG_WARN_RANGE_LOOP_ANALYSIS = YES;
				CLANG_WARN_STRICT_PROTOTYPES = YES;
				CLANG_WARN_SUSPICIOUS_MOVE = YES;
				CLANG_WARN_UNGUARDED_AVAILABILITY = YES_AGGRESSIVE;
				CLANG_WARN_UNREACHABLE_CODE = YES;
				CLANG_WARN__DUPLICATE_METHOD_MATCH = YES;
				CODE_SIGN_IDENTITY = "-";
				COPY_PHASE_STRIP = NO;
				DEBUG_INFORMATION_FORMAT = "dwarf-with-dsym";
				ENABLE_NS_ASSERTIONS = NO;
				ENABLE_STRICT_OBJC_MSGSEND = YES;
				GCC_C_LANGUAGE_STANDARD = gnu11;
				GCC_NO_COMMON_BLOCKS = YES;
				GCC_WARN_64_TO_32_BIT_CONVERSION = YES;
				GCC_WARN_ABOUT_RETURN_TYPE = YES_ERROR;
				GCC_WARN_UNDECLARED_SELECTOR = YES;
				GCC_WARN_UNINITIALIZED_AUTOS = YES_AGGRESSIVE;
				GCC_WARN_UNUSED_FUNCTION = YES;
				GCC_WARN_UNUSED_VARIABLE = YES;
				MACOSX_DEPLOYMENT_TARGET = 10.12;
				MTL_ENABLE_DEBUG_INFO = NO;
				SDKROOT = macosx;
			};
			name = Release;
		};
		C1CCD9021F810AC800FBA469 /* Debug */ = {
			isa = XCBuildConfiguration;
			buildSettings = {
				CODE_SIGN_STYLE = Automatic;
				PRODUCT_NAME = "$(TARGET_NAME)";
			};
			name = Debug;
		};
		C1CCD9031F810AC800FBA469 /* Release */ = {
			isa = XCBuildConfiguration;
			buildSettings = {
				CODE_SIGN_STYLE = Automatic;
				PRODUCT_NAME = "$(TARGET_NAME)";
			};
			name = Release;
		};
/* End XCBuildConfiguration section */

/* Begin XCConfigurationList section */
		C1CCD8F51F810AC800FBA469 /* Build configuration list for PBXProject "DesignPattern_7_Builder" */ = {
			isa = XCConfigurationList;
			buildConfigurations = (
				C1CCD8FF1F810AC800FBA469 /* Debug */,
				C1CCD9001F810AC800FBA469 /* Release */,
			);
			defaultConfigurationIsVisible = 0;
			defaultConfigurationName = Release;
		};
		C1CCD9011F810AC800FBA469 /* Build configuration list for PBXNativeTarget "DesignPattern_7_Builder" */ = {
			isa = XCConfigurationList;
			buildConfigurations = (
				C1CCD9021F810AC800FBA469 /* Debug */,
				C1CCD9031F810AC800FBA469 /* Release */,
			);
			defaultConfigurationIsVisible = 0;
			defaultConfigurationName = Release;
		};
/* End XCConfigurationList section */
	};
	rootObject = C1CCD8F21F810AC800FBA469 /* Project object */;
}
