// !$*UTF8*$!
{
	archiveVersion = 1;
	classes = {
	};
	objectVersion = 48;
	objects = {

/* Begin PBXBuildFile section */
		C1CCD95F1F81FF4A00FBA469 /* main.m in Sources */ = {isa = PBXBuildFile; fileRef = C1CCD95E1F81FF4A00FBA469 /* main.m */; };
		C1CCD9671F81FF9600FBA469 /* Entry.m in Sources */ = {isa = PBXBuildFile; fileRef = C1CCD9661F81FF9600FBA469 /* Entry.m */; };
		C1CCD96A1F8200BA00FBA469 /* File.m in Sources */ = {isa = PBXBuildFile; fileRef = C1CCD9691F8200BA00FBA469 /* File.m */; };
		C1CCD96D1F8201B200FBA469 /* Directory.m in Sources */ = {isa = PBXBuildFile; fileRef = C1CCD96C1F8201B200FBA469 /* Directory.m */; };
/* End PBXBuildFile section */

/* Begin PBXCopyFilesBuildPhase section */
		C1CCD9591F81FF4A00FBA469 /* CopyFiles */ = {
			isa = PBXCopyFilesBuildPhase;
			buildActionMask = 2147483647;
			dstPath = /usr/share/man/man1/;
			dstSubfolderSpec = 0;
			files = (
			);
			runOnlyForDeploymentPostprocessing = 1;
		};
/* End PBXCopyFilesBuildPhase section */

/* Begin PBXFileReference section */
		C1CCD95B1F81FF4A00FBA469 /* DesignPattern_11_Composite */ = {isa = PBXFileReference; explicitFileType = "compiled.mach-o.executable"; includeInIndex = 0; path = DesignPattern_11_Composite; sourceTree = BUILT_PRODUCTS_DIR; };
		C1CCD95E1F81FF4A00FBA469 /* main.m */ = {isa = PBXFileReference; lastKnownFileType = sourcecode.c.objc; path = main.m; sourceTree = "<group>"; };
		C1CCD9651F81FF9600FBA469 /* Entry.h */ = {isa = PBXFileReference; lastKnownFileType = sourcecode.c.h; path = Entry.h; sourceTree = "<group>"; };
		C1CCD9661F81FF9600FBA469 /* Entry.m */ = {isa = PBXFileReference; lastKnownFileType = sourcecode.c.objc; path = Entry.m; sourceTree = "<group>"; };
		C1CCD9681F8200BA00FBA469 /* File.h */ = {isa = PBXFileReference; lastKnownFileType = sourcecode.c.h; path = File.h; sourceTree = "<group>"; };
		C1CCD9691F8200BA00FBA469 /* File.m */ = {isa = PBXFileReference; lastKnownFileType = sourcecode.c.objc; path = File.m; sourceTree = "<group>"; };
		C1CCD96B1F8201B200FBA469 /* Directory.h */ = {isa = PBXFileReference; lastKnownFileType = sourcecode.c.h; path = Directory.h; sourceTree = "<group>"; };
		C1CCD96C1F8201B200FBA469 /* Directory.m */ = {isa = PBXFileReference; lastKnownFileType = sourcecode.c.objc; path = Directory.m; sourceTree = "<group>"; };
/* End PBXFileReference section */

/* Begin PBXFrameworksBuildPhase section */
		C1CCD9581F81FF4A00FBA469 /* Frameworks */ = {
			isa = PBXFrameworksBuildPhase;
			buildActionMask = 2147483647;
			files = (
			);
			runOnlyForDeploymentPostprocessing = 0;
		};
/* End PBXFrameworksBuildPhase section */

/* Begin PBXGroup section */
		C1CCD9521F81FF4A00FBA469 = {
			isa = PBXGroup;
			children = (
				C1CCD95D1F81FF4A00FBA469 /* DesignPattern_11_Composite */,
				C1CCD95C1F81FF4A00FBA469 /* Products */,
			);
			sourceTree = "<group>";
		};
		C1CCD95C1F81FF4A00FBA469 /* Products */ = {
			isa = PBXGroup;
			children = (
				C1CCD95B1F81FF4A00FBA469 /* DesignPattern_11_Composite */,
			);
			name = Products;
			sourceTree = "<group>";
		};
		C1CCD95D1F81FF4A00FBA469 /* DesignPattern_11_Composite */ = {
			isa = PBXGroup;
			children = (
				C1CCD95E1F81FF4A00FBA469 /* main.m */,
				C1CCD9651F81FF9600FBA469 /* Entry.h */,
				C1CCD9661F81FF9600FBA469 /* Entry.m */,
				C1CCD9681F8200BA00FBA469 /* File.h */,
				C1CCD9691F8200BA00FBA469 /* File.m */,
				C1CCD96B1F8201B200FBA469 /* Directory.h */,
				C1CCD96C1F8201B200FBA469 /* Directory.m */,
			);
			path = DesignPattern_11_Composite;
			sourceTree = "<group>";
		};
/* End PBXGroup section */

/* Begin PBXNativeTarget section */
		C1CCD95A1F81FF4A00FBA469 /* DesignPattern_11_Composite */ = {
			isa = PBXNativeTarget;
			buildConfigurationList = C1CCD9621F81FF4A00FBA469 /* Build configuration list for PBXNativeTarget "DesignPattern_11_Composite" */;
			buildPhases = (
				C1CCD9571F81FF4A00FBA469 /* Sources */,
				C1CCD9581F81FF4A00FBA469 /* Frameworks */,
				C1CCD9591F81FF4A00FBA469 /* CopyFiles */,
			);
			buildRules = (
			);
			dependencies = (
			);
			name = DesignPattern_11_Composite;
			productName = DesignPattern_11_Composite;
			productReference = C1CCD95B1F81FF4A00FBA469 /* DesignPattern_11_Composite */;
			productType = "com.apple.product-type.tool";
		};
/* End PBXNativeTarget section */

/* Begin PBXProject section */
		C1CCD9531F81FF4A00FBA469 /* Project object */ = {
			isa = PBXProject;
			attributes = {
				LastUpgradeCheck = 0900;
				ORGANIZATIONNAME = famous90;
				TargetAttributes = {
					C1CCD95A1F81FF4A00FBA469 = {
						CreatedOnToolsVersion = 9.0;
						ProvisioningStyle = Automatic;
					};
				};
			};
			buildConfigurationList = C1CCD9561F81FF4A00FBA469 /* Build configuration list for PBXProject "DesignPattern_11_Composite" */;
			compatibilityVersion = "Xcode 8.0";
			developmentRegion = en;
			hasScannedForEncodings = 0;
			knownRegions = (
				en,
			);
			mainGroup = C1CCD9521F81FF4A00FBA469;
			productRefGroup = C1CCD95C1F81FF4A00FBA469 /* Products */;
			projectDirPath = "";
			projectRoot = "";
			targets = (
				C1CCD95A1F81FF4A00FBA469 /* DesignPattern_11_Composite */,
			);
		};
/* End PBXProject section */

/* Begin PBXSourcesBuildPhase section */
		C1CCD9571F81FF4A00FBA469 /* Sources */ = {
			isa = PBXSourcesBuildPhase;
			buildActionMask = 2147483647;
			files = (
				C1CCD9671F81FF9600FBA469 /* Entry.m in Sources */,
				C1CCD95F1F81FF4A00FBA469 /* main.m in Sources */,
				C1CCD96A1F8200BA00FBA469 /* File.m in Sources */,
				C1CCD96D1F8201B200FBA469 /* Directory.m in Sources */,
			);
			runOnlyForDeploymentPostprocessing = 0;
		};
/* End PBXSourcesBuildPhase section */

/* Begin XCBuildConfiguration section */
		C1CCD9601F81FF4A00FBA469 /* Debug */ = {
			isa = XCBuildConfiguration;
			buildSettings = {
				ALWAYS_SEARCH_USER_PATHS = NO;
				CLANG_ANALYZER_NONNULL = YES;
				CLANG_ANALYZER_NUMBER_OBJECT_CONVERSION = YES_AGGRESSIVE;
				CLANG_CXX_LANGUAGE_STANDARD = "gnu++14";
				CLANG_CXX_LIBRARY = "libc++";
				CLANG_ENABLE_MODULES = YES;
				CLANG_ENABLE_OBJC_ARC = YES;
				CLANG_WARN_BLOCK_CAPTURE_AUTORELEASING = YES;
				CLANG_WARN_BOOL_CONVERSION = YES;
				CLANG_WARN_COMMA = YES;
				CLANG_WARN_CONSTANT_CONVERSION = YES;
				CLANG_WARN_DIRECT_OBJC_ISA_USAGE = YES_ERROR;
				CLANG_WARN_DOCUMENTATION_COMMENTS = YES;
				CLANG_WARN_EMPTY_BODY = YES;
				CLANG_WARN_ENUM_CONVERSION = YES;
				CLANG_WARN_INFINITE_RECURSION = YES;
				CLANG_WARN_INT_CONVERSION = YES;
				CLANG_WARN_NON_LITERAL_NULL_CONVERSION = YES;
				CLANG_WARN_OBJC_LITERAL_CONVERSION = YES;
				CLANG_WARN_OBJC_ROOT_CLASS = YES_ERROR;
				CLANG_WARN_RANGE_LOOP_ANALYSIS = YES;
				CLANG_WARN_STRICT_PROTOTYPES = YES;
				CLANG_WARN_SUSPICIOUS_MOVE = YES;
				CLANG_WARN_UNGUARDED_AVAILABILITY = YES_AGGRESSIVE;
				CLANG_WARN_UNREACHABLE_CODE = YES;
				CLANG_WARN__DUPLICATE_METHOD_MATCH = YES;
				CODE_SIGN_IDENTITY = "-";
				COPY_PHASE_STRIP = NO;
				DEBUG_INFORMATION_FORMAT = dwarf;
				ENABLE_STRICT_OBJC_MSGSEND = YES;
				ENABLE_TESTABILITY = YES;
				GCC_C_LANGUAGE_STANDARD = gnu11;
				GCC_DYNAMIC_NO_PIC = NO;
				GCC_NO_COMMON_BLOCKS = YES;
				GCC_OPTIMIZATION_LEVEL = 0;
				GCC_PREPROCESSOR_DEFINITIONS = (
					"DEBUG=1",
					"$(inherited)",
				);
				GCC_WARN_64_TO_32_BIT_CONVERSION = YES;
				GCC_WARN_ABOUT_RETURN_TYPE = YES_ERROR;
				GCC_WARN_UNDECLARED_SELECTOR = YES;
				GCC_WARN_UNINITIALIZED_AUTOS = YES_AGGRESSIVE;
				GCC_WARN_UNUSED_FUNCTION = YES;
				GCC_WARN_UNUSED_VARIABLE = YES;
				MACOSX_DEPLOYMENT_TARGET = 10.12;
				MTL_ENABLE_DEBUG_INFO = YES;
				ONLY_ACTIVE_ARCH = YES;
				SDKROOT = macosx;
			};
			name = Debug;
		};
		C1CCD9611F81FF4A00FBA469 /* Release */ = {
			isa = XCBuildConfiguration;
			buildSettings = {
				ALWAYS_SEARCH_USER_PATHS = NO;
				CLANG_ANALYZER_NONNULL = YES;
				CLANG_ANALYZER_NUMBER_OBJECT_CONVERSION = YES_AGGRESSIVE;
				CLANG_CXX_LANGUAGE_STANDARD = "gnu++14";
				CLANG_CXX_LIBRARY = "libc++";
				CLANG_ENABLE_MODULES = YES;
				CLANG_ENABLE_OBJC_ARC = YES;
				CLANG_WARN_BLOCK_CAPTURE_AUTORELEASING = YES;
				CLANG_WARN_BOOL_CONVERSION = YES;
				CLANG_WARN_COMMA = YES;
				CLANG_WARN_CONSTANT_CONVERSION = YES;
				CLANG_WARN_DIRECT_OBJC_ISA_USAGE = YES_ERROR;
				CLANG_WARN_DOCUMENTATION_COMMENTS = YES;
				CLANG_WARN_EMPTY_BODY = YES;
				CLANG_WARN_ENUM_CONVERSION = YES;
				CLANG_WARN_INFINITE_RECURSION = YES;
				CLANG_WARN_INT_CONVERSION = YES;
				CLANG_WARN_NON_LITERAL_NULL_CONVERSION = YES;
				CLANG_WARN_OBJC_LITERAL_CONVERSION = YES;
				CLANG_WARN_OBJC_ROOT_CLASS = YES_ERROR;
				CLANG_WARN_RANGE_LOOP_ANALYSIS = YES;
				CLANG_WARN_STRICT_PROTOTYPES = YES;
				CLANG_WARN_SUSPICIOUS_MOVE = YES;
				CLANG_WARN_UNGUARDED_AVAILABILITY = YES_AGGRESSIVE;
				CLANG_WARN_UNREACHABLE_CODE = YES;
				CLANG_WARN__DUPLICATE_METHOD_MATCH = YES;
				CODE_SIGN_IDENTITY = "-";
				COPY_PHASE_STRIP = NO;
				DEBUG_INFORMATION_FORMAT = "dwarf-with-dsym";
				ENABLE_NS_ASSERTIONS = NO;
				ENABLE_STRICT_OBJC_MSGSEND = YES;
				GCC_C_LANGUAGE_STANDARD = gnu11;
				GCC_NO_COMMON_BLOCKS = YES;
				GCC_WARN_64_TO_32_BIT_CONVERSION = YES;
				GCC_WARN_ABOUT_RETURN_TYPE = YES_ERROR;
				GCC_WARN_UNDECLARED_SELECTOR = YES;
				GCC_WARN_UNINITIALIZED_AUTOS = YES_AGGRESSIVE;
				GCC_WARN_UNUSED_FUNCTION = YES;
				GCC_WARN_UNUSED_VARIABLE = YES;
				MACOSX_DEPLOYMENT_TARGET = 10.12;
				MTL_ENABLE_DEBUG_INFO = NO;
				SDKROOT = macosx;
			};
			name = Release;
		};
		C1CCD9631F81FF4A00FBA469 /* Debug */ = {
			isa = XCBuildConfiguration;
			buildSettings = {
				CODE_SIGN_STYLE = Automatic;
				PRODUCT_NAME = "$(TARGET_NAME)";
			};
			name = Debug;
		};
		C1CCD9641F81FF4A00FBA469 /* Release */ = {
			isa = XCBuildConfiguration;
			buildSettings = {
				CODE_SIGN_STYLE = Automatic;
				PRODUCT_NAME = "$(TARGET_NAME)";
			};
			name = Release;
		};
/* End XCBuildConfiguration section */

/* Begin XCConfigurationList section */
		C1CCD9561F81FF4A00FBA469 /* Build configuration list for PBXProject "DesignPattern_11_Composite" */ = {
			isa = XCConfigurationList;
			buildConfigurations = (
				C1CCD9601F81FF4A00FBA469 /* Debug */,
				C1CCD9611F81FF4A00FBA469 /* Release */,
			);
			defaultConfigurationIsVisible = 0;
			defaultConfigurationName = Release;
		};
		C1CCD9621F81FF4A00FBA469 /* Build configuration list for PBXNativeTarget "DesignPattern_11_Composite" */ = {
			isa = XCConfigurationList;
			buildConfigurations = (
				C1CCD9631F81FF4A00FBA469 /* Debug */,
				C1CCD9641F81FF4A00FBA469 /* Release */,
			);
			defaultConfigurationIsVisible = 0;
			defaultConfigurationName = Release;
		};
/* End XCConfigurationList section */
	};
	rootObject = C1CCD9531F81FF4A00FBA469 /* Project object */;
}
